<?xml version="1.0" encoding="utf-8"?>
<Project ToolsVersion="4.0" xmlns="http://schemas.microsoft.com/developer/msbuild/2003">
  <ItemGroup>
    <Filter Include="源文件">
      <UniqueIdentifier>{4FC737F1-C7A5-4376-A066-2A32D752A2FF}</UniqueIdentifier>
      <Extensions>cpp;c;cc;cxx;c++;cppm;ixx;def;odl;idl;hpj;bat;asm;asmx</Extensions>
    </Filter>
    <Filter Include="头文件">
      <UniqueIdentifier>{93995380-89BD-4b04-88EB-625FBE52EBFB}</UniqueIdentifier>
      <Extensions>h;hh;hpp;hxx;h++;hm;inl;inc;ipp;xsd</Extensions>
    </Filter>
    <Filter Include="资源文件">
      <UniqueIdentifier>{67DA6AB6-F800-4c08-8B7A-83BB121AAD01}</UniqueIdentifier>
      <Extensions>rc;ico;cur;bmp;dlg;rc2;rct;bin;rgs;gif;jpg;jpeg;jpe;resx;tiff;tif;png;wav;mfcribbon-ms</Extensions>
    </Filter>
  </ItemGroup>
  <ItemGroup>
    <ClInclude Include="source\renderer\device.h">
      <Filter>头文件</Filter>
    </ClInclude>
    <ClInclude Include="source\renderer\graphics_window.h">
      <Filter>头文件</Filter>
    </ClInclude>
    <ClInclude Include="source\renderer\gl3x\graphics_window_gl3x.h">
      <Filter>头文件</Filter>
    </ClInclude>
    <ClInclude Include="third_party\glad\include\glad.h">
      <Filter>头文件</Filter>
    </ClInclude>
    <ClInclude Include="third_party\glad\include\khrplatform.h">
      <Filter>头文件</Filter>
    </ClInclude>
    <ClInclude Include="third_party\glfw\include\glfw3.h">
      <Filter>头文件</Filter>
    </ClInclude>
    <ClInclude Include="source\renderer\context.h">
      <Filter>头文件</Filter>
    </ClInclude>
    <ClInclude Include="source\renderer\gl3x\context_gl3x.h">
      <Filter>头文件</Filter>
    </ClInclude>
    <ClInclude Include="source\renderer\render_state\render_state.h">
      <Filter>头文件</Filter>
    </ClInclude>
    <ClInclude Include="source\renderer\render_state\primitive_restart.h">
      <Filter>头文件</Filter>
    </ClInclude>
    <ClInclude Include="source\renderer\render_state\cull_face.h">
      <Filter>头文件</Filter>
    </ClInclude>
    <ClInclude Include="source\renderer\render_state\scissor_test.h">
      <Filter>头文件</Filter>
    </ClInclude>
    <ClInclude Include="source\renderer\render_state\stencil_test.h">
      <Filter>头文件</Filter>
    </ClInclude>
    <ClInclude Include="source\renderer\render_state\depth_test.h">
      <Filter>头文件</Filter>
    </ClInclude>
    <ClInclude Include="source\renderer\render_state\blending.h">
      <Filter>头文件</Filter>
    </ClInclude>
    <ClInclude Include="source\renderer\draw_state.h">
      <Filter>头文件</Filter>
    </ClInclude>
    <ClInclude Include="source\renderer\render_state\color_mask.h">
      <Filter>头文件</Filter>
    </ClInclude>
    <ClInclude Include="source\renderer\clear_state.h">
      <Filter>头文件</Filter>
    </ClInclude>
    <ClInclude Include="source\core\color\color.h">
      <Filter>头文件</Filter>
    </ClInclude>
    <ClInclude Include="source\renderer\shaders\shader_program.h">
      <Filter>头文件</Filter>
    </ClInclude>
    <ClInclude Include="source\renderer\gl3x\shaders\shader_program_gl3x.h">
      <Filter>头文件</Filter>
    </ClInclude>
    <ClInclude Include="source\renderer\gl3x\shaders\shader_object_gl3x.h">
      <Filter>头文件</Filter>
    </ClInclude>
    <ClInclude Include="source\renderer\shaders\shader_vertex_attribute.h">
      <Filter>头文件</Filter>
    </ClInclude>
    <ClInclude Include="source\renderer\shaders\shader_vertex_attribute_collection.h">
      <Filter>头文件</Filter>
    </ClInclude>
    <ClInclude Include="source\renderer\gl3x\shaders\fragment_outputs_gl3x.h">
      <Filter>头文件</Filter>
    </ClInclude>
    <ClInclude Include="source\renderer\shaders\fragment_outputs.h">
      <Filter>头文件</Filter>
    </ClInclude>
    <ClInclude Include="source\renderer\shaders\uniform.h">
      <Filter>头文件</Filter>
    </ClInclude>
    <ClInclude Include="source\renderer\gl3x\shaders\uniform_float_gl3x.h">
      <Filter>头文件</Filter>
    </ClInclude>
    <ClInclude Include="source\renderer\gl3x\i_cleanable_observer.h">
      <Filter>头文件</Filter>
    </ClInclude>
    <ClInclude Include="source\renderer\gl3x\i_cleanable.h">
      <Filter>头文件</Filter>
    </ClInclude>
    <ClInclude Include="source\renderer\shaders\uniform_collection.h">
      <Filter>头文件</Filter>
    </ClInclude>
    <ClInclude Include="source\renderer\shaders\linkAutomaticUniforms\link_auto_uniform.h">
      <Filter>头文件</Filter>
    </ClInclude>
    <ClInclude Include="source\renderer\shaders\linkAutomaticUniforms\texture_uniform.h">
      <Filter>头文件</Filter>
    </ClInclude>
    <ClInclude Include="source\renderer\gl3x\shaders\uniform_int_gl3x.h">
      <Filter>头文件</Filter>
    </ClInclude>
    <ClInclude Include="source\renderer\shaders\linkAutomaticUniforms\link_auto_uniform_collection.h">
      <Filter>头文件</Filter>
    </ClInclude>
    <ClInclude Include="source\renderer\shaders\link_auto_uniforms\link_auto_uniform.h">
      <Filter>头文件</Filter>
    </ClInclude>
    <ClInclude Include="source\renderer\shaders\link_auto_uniforms\link_auto_uniform_collection.h">
      <Filter>头文件</Filter>
    </ClInclude>
    <ClInclude Include="source\renderer\shaders\link_auto_uniforms\texture_uniform.h">
      <Filter>头文件</Filter>
    </ClInclude>
    <ClInclude Include="source\renderer\shaders\draw_auto_uniforms\draw_auto_uniform.h">
      <Filter>头文件</Filter>
    </ClInclude>
    <ClInclude Include="source\renderer\shaders\draw_auto_uniforms\draw_auto_uniform_collection.h">
      <Filter>头文件</Filter>
    </ClInclude>
    <ClInclude Include="source\renderer\shaders\draw_auto_uniforms\draw_auto_uniform_factory.h">
      <Filter>头文件</Filter>
    </ClInclude>
    <ClInclude Include="source\renderer\shaders\draw_auto_uniforms\model_matrix_uniform.h">
      <Filter>头文件</Filter>
    </ClInclude>
    <ClInclude Include="source\renderer\shaders\draw_auto_uniforms\model_matrix_uniform_factory.h">
      <Filter>头文件</Filter>
    </ClInclude>
    <ClInclude Include="source\renderer\shaders\draw_auto_uniforms\draw_auto_uniform_factory_collection.h">
      <Filter>头文件</Filter>
    </ClInclude>
  </ItemGroup>
  <ItemGroup>
    <ClCompile Include="source\renderer\device.cc">
      <Filter>源文件</Filter>
    </ClCompile>
    <ClCompile Include="source\renderer\gl3x\graphics_window_gl3x.cc">
      <Filter>源文件</Filter>
    </ClCompile>
    <ClCompile Include="source\test\main.cpp">
      <Filter>源文件</Filter>
    </ClCompile>
    <ClCompile Include="third_party\glad\source\glad.c">
      <Filter>源文件</Filter>
    </ClCompile>
    <ClCompile Include="source\renderer\gl3x\context_gl3x.cc">
      <Filter>源文件</Filter>
    </ClCompile>
    <ClCompile Include="source\renderer\render_state\primitive_restart.cc">
      <Filter>源文件</Filter>
    </ClCompile>
    <ClCompile Include="source\renderer\render_state\render_state.cc">
      <Filter>源文件</Filter>
    </ClCompile>
    <ClCompile Include="source\renderer\render_state\cull_face.cc">
      <Filter>源文件</Filter>
    </ClCompile>
    <ClCompile Include="source\renderer\render_state\scissor_test.cc">
      <Filter>源文件</Filter>
    </ClCompile>
    <ClCompile Include="source\renderer\render_state\depth_test.cc">
      <Filter>源文件</Filter>
    </ClCompile>
    <ClCompile Include="source\renderer\render_state\stencil_test.cc">
      <Filter>源文件</Filter>
    </ClCompile>
    <ClCompile Include="source\renderer\render_state\blending.cc">
      <Filter>源文件</Filter>
    </ClCompile>
    <ClCompile Include="source\renderer\draw_state.cc">
      <Filter>源文件</Filter>
    </ClCompile>
    <ClCompile Include="source\renderer\render_state\color_mask.cc">
      <Filter>源文件</Filter>
    </ClCompile>
    <ClCompile Include="source\core\color\color.cc">
      <Filter>源文件</Filter>
    </ClCompile>
    <ClCompile Include="source\renderer\clear_state.cc">
      <Filter>源文件</Filter>
    </ClCompile>
    <ClCompile Include="source\renderer\gl3x\shaders\shader_program_gl3x.cc">
      <Filter>源文件</Filter>
    </ClCompile>
    <ClCompile Include="source\renderer\gl3x\shaders\shader_object_gl3x.cc">
      <Filter>源文件</Filter>
    </ClCompile>
    <ClCompile Include="source\renderer\graphics_window.cc">
      <Filter>源文件</Filter>
    </ClCompile>
    <ClCompile Include="source\renderer\shaders\shader_program.cc">
      <Filter>源文件</Filter>
    </ClCompile>
    <ClCompile Include="source\renderer\shaders\shader_vertex_attribute.cc">
      <Filter>源文件</Filter>
    </ClCompile>
    <ClCompile Include="source\renderer\gl3x\shaders\fragment_outputs_gl3x.cc">
      <Filter>源文件</Filter>
    </ClCompile>
    <ClCompile Include="source\renderer\gl3x\shaders\uniform_float_gl3x.cc">
      <Filter>源文件</Filter>
    </ClCompile>
    <ClCompile Include="source\renderer\gl3x\shaders\uniform_int_gl3x.cc">
      <Filter>源文件</Filter>
    </ClCompile>
    <ClCompile Include="source\renderer\shaders\link_auto_uniforms\texture_uniform.cc">
      <Filter>源文件</Filter>
    </ClCompile>
    <ClCompile Include="source\renderer\shaders\draw_auto_uniforms\model_matrix_uniform.cc">
      <Filter>源文件</Filter>
    </ClCompile>
    <ClCompile Include="source\renderer\shaders\draw_auto_uniforms\model_matrix_uniform_factory.cc">
      <Filter>源文件</Filter>
    </ClCompile>
  </ItemGroup>
  <ItemGroup>
    <Library Include="third_party\glfw\lib\glfw3.lib" />
  </ItemGroup>
</Project>